
Microsoft Visual Studio Solution File, Format Version 12.00
# Visual Studio Version 17
VisualStudioVersion = 17.11.35222.181
MinimumVisualStudioVersion = 10.0.40219.1
Project("{FAE04EC0-301F-11D3-BF4B-00C04F79EFBC}") = "GeneralEntries", "GeneralEntries\GeneralEntries.csproj", "{2431BFE4-8BDA-4CD8-AFDB-CE2B114C6A8E}"
EndProject
Global
	GlobalSection(SolutionConfigurationPlatforms) = preSolution
		Debug|Any CPU = Debug|Any CPU
		Release|Any CPU = Release|Any CPU
	EndGlobalSection
	GlobalSection(ProjectConfigurationPlatforms) = postSolution
		{2431BFE4-8BDA-4CD8-AFDB-CE2B114C6A8E}.Debug|Any CPU.ActiveCfg = Debug|Any CPU
		{2431BFE4-8BDA-4CD8-AFDB-CE2B114C6A8E}.Debug|Any CPU.Build.0 = Debug|Any CPU
		{2431BFE4-8BDA-4CD8-AFDB-CE2B114C6A8E}.Release|Any CPU.ActiveCfg = Release|Any CPU
		{2431BFE4-8BDA-4CD8-AFDB-CE2B114C6A8E}.Release|Any CPU.Build.0 = Release|Any CPU
	EndGlobalSection
	GlobalSection(SolutionProperties) = preSolution
		HideSolutionNode = FALSE
	EndGlobalSection
	GlobalSection(ExtensibilityGlobals) = postSolution
		SolutionGuid = {78E9B8B4-A790-44D8-8323-450A43FD5779}
	EndGlobalSection
EndGlobal
